// !$*UTF8*$!
{
	archiveVersion = 1;
	classes = {
	};
	objectVersion = 52;
	objects = {

/* Begin PBXBuildFile section */
		C4D8F3EE238D4B3200950C14 /* AppDelegate.swift in Sources */ = {isa = PBXBuildFile; fileRef = C4D8F3ED238D4B3200950C14 /* AppDelegate.swift */; };
		C4D8F3F0238D4B3200950C14 /* SceneDelegate.swift in Sources */ = {isa = PBXBuildFile; fileRef = C4D8F3EF238D4B3200950C14 /* SceneDelegate.swift */; };
		C4D8F3F2238D4B3200950C14 /* ViewController.swift in Sources */ = {isa = PBXBuildFile; fileRef = C4D8F3F1238D4B3200950C14 /* ViewController.swift */; };
		C4D8F3F5238D4B3200950C14 /* Main.storyboard in Resources */ = {isa = PBXBuildFile; fileRef = C4D8F3F3238D4B3200950C14 /* Main.storyboard */; };
		C4D8F3F7238D4B3500950C14 /* Assets.xcassets in Resources */ = {isa = PBXBuildFile; fileRef = C4D8F3F6238D4B3500950C14 /* Assets.xcassets */; };
		C4D8F3FA238D4B3500950C14 /* LaunchScreen.storyboard in Resources */ = {isa = PBXBuildFile; fileRef = C4D8F3F8238D4B3500950C14 /* LaunchScreen.storyboard */; };
		C4D94AB0238D4C0A0047DA4B /* EightBalliOS in Frameworks */ = {isa = PBXBuildFile; productRef = C4D94AAF238D4C0A0047DA4B /* EightBalliOS */; };
		C4F3C6D7238D5CAB00F5CB64 /* iOSExampleUITests.swift in Sources */ = {isa = PBXBuildFile; fileRef = C4F3C6D5238D5CAB00F5CB64 /* iOSExampleUITests.swift */; };
		C4F3C6D8238D5CAB00F5CB64 /* SnapshotHelper.swift in Sources */ = {isa = PBXBuildFile; fileRef = C4F3C6D6238D5CAB00F5CB64 /* SnapshotHelper.swift */; };
/* End PBXBuildFile section */

/* Begin PBXContainerItemProxy section */
		C4F3C6D0238D5C9900F5CB64 /* PBXContainerItemProxy */ = {
			isa = PBXContainerItemProxy;
			containerPortal = C4D8F3E2238D4B3200950C14 /* Project object */;
			proxyType = 1;
			remoteGlobalIDString = C4D8F3E9238D4B3200950C14;
			remoteInfo = "iOS Example";
		};
/* End PBXContainerItemProxy section */

/* Begin PBXCopyFilesBuildPhase section */
		C4D94ADA238D569D0047DA4B /* Embed Watch Content */ = {
			isa = PBXCopyFilesBuildPhase;
			buildActionMask = 2147483647;
			dstPath = "$(CONTENTS_FOLDER_PATH)/Watch";
			dstSubfolderSpec = 16;
			files = (
			);
			name = "Embed Watch Content";
			runOnlyForDeploymentPostprocessing = 0;
		};
/* End PBXCopyFilesBuildPhase section */

/* Begin PBXFileReference section */
		C4D8F3EA238D4B3200950C14 /* iOS Example.app */ = {isa = PBXFileReference; explicitFileType = wrapper.application; includeInIndex = 0; path = "iOS Example.app"; sourceTree = BUILT_PRODUCTS_DIR; };
		C4D8F3ED238D4B3200950C14 /* AppDelegate.swift */ = {isa = PBXFileReference; lastKnownFileType = sourcecode.swift; path = AppDelegate.swift; sourceTree = "<group>"; };
		C4D8F3EF238D4B3200950C14 /* SceneDelegate.swift */ = {isa = PBXFileReference; lastKnownFileType = sourcecode.swift; path = SceneDelegate.swift; sourceTree = "<group>"; };
		C4D8F3F1238D4B3200950C14 /* ViewController.swift */ = {isa = PBXFileReference; lastKnownFileType = sourcecode.swift; path = ViewController.swift; sourceTree = "<group>"; };
		C4D8F3F4238D4B3200950C14 /* Base */ = {isa = PBXFileReference; lastKnownFileType = file.storyboard; name = Base; path = Base.lproj/Main.storyboard; sourceTree = "<group>"; };
		C4D8F3F6238D4B3500950C14 /* Assets.xcassets */ = {isa = PBXFileReference; lastKnownFileType = folder.assetcatalog; path = Assets.xcassets; sourceTree = "<group>"; };
		C4D8F3F9238D4B3500950C14 /* Base */ = {isa = PBXFileReference; lastKnownFileType = file.storyboard; name = Base; path = Base.lproj/LaunchScreen.storyboard; sourceTree = "<group>"; };
		C4D8F3FB238D4B3500950C14 /* Info.plist */ = {isa = PBXFileReference; lastKnownFileType = text.plist.xml; path = Info.plist; sourceTree = "<group>"; };
		C4F3C6CB238D5C9900F5CB64 /* iOS Example UITests.xctest */ = {isa = PBXFileReference; explicitFileType = wrapper.cfbundle; includeInIndex = 0; path = "iOS Example UITests.xctest"; sourceTree = BUILT_PRODUCTS_DIR; };
		C4F3C6CF238D5C9900F5CB64 /* Info.plist */ = {isa = PBXFileReference; lastKnownFileType = text.plist.xml; path = Info.plist; sourceTree = "<group>"; };
		C4F3C6D5238D5CAB00F5CB64 /* iOSExampleUITests.swift */ = {isa = PBXFileReference; fileEncoding = 4; lastKnownFileType = sourcecode.swift; path = iOSExampleUITests.swift; sourceTree = "<group>"; };
		C4F3C6D6238D5CAB00F5CB64 /* SnapshotHelper.swift */ = {isa = PBXFileReference; fileEncoding = 4; lastKnownFileType = sourcecode.swift; path = SnapshotHelper.swift; sourceTree = "<group>"; };
/* End PBXFileReference section */

/* Begin PBXFrameworksBuildPhase section */
		C4D8F3E7238D4B3200950C14 /* Frameworks */ = {
			isa = PBXFrameworksBuildPhase;
			buildActionMask = 2147483647;
			files = (
				C4D94AB0238D4C0A0047DA4B /* EightBalliOS in Frameworks */,
			);
			runOnlyForDeploymentPostprocessing = 0;
		};
		C4F3C6C8238D5C9900F5CB64 /* Frameworks */ = {
			isa = PBXFrameworksBuildPhase;
			buildActionMask = 2147483647;
			files = (
			);
			runOnlyForDeploymentPostprocessing = 0;
		};
/* End PBXFrameworksBuildPhase section */

/* Begin PBXGroup section */
		C4D8F3E1238D4B3200950C14 = {
			isa = PBXGroup;
			children = (
				C4D8F3EC238D4B3200950C14 /* Sources */,
				C4F3C6CC238D5C9900F5CB64 /* UITests */,
				C4D8F3EB238D4B3200950C14 /* Products */,
				C4D94AAE238D4C0A0047DA4B /* Frameworks */,
			);
			sourceTree = "<group>";
		};
		C4D8F3EB238D4B3200950C14 /* Products */ = {
			isa = PBXGroup;
			children = (
				C4D8F3EA238D4B3200950C14 /* iOS Example.app */,
				C4F3C6CB238D5C9900F5CB64 /* iOS Example UITests.xctest */,
			);
			name = Products;
			sourceTree = "<group>";
		};
		C4D8F3EC238D4B3200950C14 /* Sources */ = {
			isa = PBXGroup;
			children = (
				C4D8F3ED238D4B3200950C14 /* AppDelegate.swift */,
				C4D8F3EF238D4B3200950C14 /* SceneDelegate.swift */,
				C4D8F3F1238D4B3200950C14 /* ViewController.swift */,
				C4D8F3F3238D4B3200950C14 /* Main.storyboard */,
				C4D8F3F6238D4B3500950C14 /* Assets.xcassets */,
				C4D8F3F8238D4B3500950C14 /* LaunchScreen.storyboard */,
				C4D8F3FB238D4B3500950C14 /* Info.plist */,
			);
			path = Sources;
			sourceTree = "<group>";
		};
		C4D94AAE238D4C0A0047DA4B /* Frameworks */ = {
			isa = PBXGroup;
			children = (
			);
			name = Frameworks;
			sourceTree = "<group>";
		};
		C4F3C6CC238D5C9900F5CB64 /* UITests */ = {
			isa = PBXGroup;
			children = (
				C4F3C6D5238D5CAB00F5CB64 /* iOSExampleUITests.swift */,
				C4F3C6D6238D5CAB00F5CB64 /* SnapshotHelper.swift */,
				C4F3C6CF238D5C9900F5CB64 /* Info.plist */,
			);
			path = UITests;
			sourceTree = "<group>";
		};
/* End PBXGroup section */

/* Begin PBXNativeTarget section */
		C4D8F3E9238D4B3200950C14 /* iOS Example */ = {
			isa = PBXNativeTarget;
			buildConfigurationList = C4D8F3FE238D4B3500950C14 /* Build configuration list for PBXNativeTarget "iOS Example" */;
			buildPhases = (
				C4D8F3E6238D4B3200950C14 /* Sources */,
				C4D8F3E7238D4B3200950C14 /* Frameworks */,
				C4D8F3E8238D4B3200950C14 /* Resources */,
				C4D94ADA238D569D0047DA4B /* Embed Watch Content */,
			);
			buildRules = (
			);
			dependencies = (
			);
			name = "iOS Example";
			packageProductDependencies = (
				C4D94AAF238D4C0A0047DA4B /* EightBalliOS */,
			);
			productName = "iOS Example";
			productReference = C4D8F3EA238D4B3200950C14 /* iOS Example.app */;
			productType = "com.apple.product-type.application";
		};
		C4F3C6CA238D5C9900F5CB64 /* iOS Example UITests */ = {
			isa = PBXNativeTarget;
			buildConfigurationList = C4F3C6D4238D5C9900F5CB64 /* Build configuration list for PBXNativeTarget "iOS Example UITests" */;
			buildPhases = (
				C4F3C6C7238D5C9900F5CB64 /* Sources */,
				C4F3C6C8238D5C9900F5CB64 /* Frameworks */,
				C4F3C6C9238D5C9900F5CB64 /* Resources */,
			);
			buildRules = (
			);
			dependencies = (
				C4F3C6D1238D5C9900F5CB64 /* PBXTargetDependency */,
			);
			name = "iOS Example UITests";
			productName = "iOS Example UITests";
			productReference = C4F3C6CB238D5C9900F5CB64 /* iOS Example UITests.xctest */;
			productType = "com.apple.product-type.bundle.ui-testing";
		};
/* End PBXNativeTarget section */

/* Begin PBXProject section */
		C4D8F3E2238D4B3200950C14 /* Project object */ = {
			isa = PBXProject;
			attributes = {
				LastSwiftUpdateCheck = 1120;
				LastUpgradeCheck = 1120;
				ORGANIZATIONNAME = "William Entriken";
				TargetAttributes = {
					C4D8F3E9238D4B3200950C14 = {
						CreatedOnToolsVersion = 11.2.1;
					};
					C4F3C6CA238D5C9900F5CB64 = {
						CreatedOnToolsVersion = 11.2.1;
						TestTargetID = C4D8F3E9238D4B3200950C14;
					};
				};
			};
			buildConfigurationList = C4D8F3E5238D4B3200950C14 /* Build configuration list for PBXProject "iOS Example" */;
			compatibilityVersion = "Xcode 9.3";
			developmentRegion = en;
			hasScannedForEncodings = 0;
			knownRegions = (
				en,
				Base,
			);
			mainGroup = C4D8F3E1238D4B3200950C14;
			productRefGroup = C4D8F3EB238D4B3200950C14 /* Products */;
			projectDirPath = "";
			projectRoot = "";
			targets = (
				C4D8F3E9238D4B3200950C14 /* iOS Example */,
				C4F3C6CA238D5C9900F5CB64 /* iOS Example UITests */,
			);
		};
/* End PBXProject section */

/* Begin PBXResourcesBuildPhase section */
		C4D8F3E8238D4B3200950C14 /* Resources */ = {
			isa = PBXResourcesBuildPhase;
			buildActionMask = 2147483647;
			files = (
				C4D8F3FA238D4B3500950C14 /* LaunchScreen.storyboard in Resources */,
				C4D8F3F7238D4B3500950C14 /* Assets.xcassets in Resources */,
				C4D8F3F5238D4B3200950C14 /* Main.storyboard in Resources */,
			);
			runOnlyForDeploymentPostprocessing = 0;
		};
		C4F3C6C9238D5C9900F5CB64 /* Resources */ = {
			isa = PBXResourcesBuildPhase;
			buildActionMask = 2147483647;
			files = (
			);
			runOnlyForDeploymentPostprocessing = 0;
		};
/* End PBXResourcesBuildPhase section */

/* Begin PBXSourcesBuildPhase section */
		C4D8F3E6238D4B3200950C14 /* Sources */ = {
			isa = PBXSourcesBuildPhase;
			buildActionMask = 2147483647;
			files = (
				C4D8F3F2238D4B3200950C14 /* ViewController.swift in Sources */,
				C4D8F3EE238D4B3200950C14 /* AppDelegate.swift in Sources */,
				C4D8F3F0238D4B3200950C14 /* SceneDelegate.swift in Sources */,
			);
			runOnlyForDeploymentPostprocessing = 0;
		};
		C4F3C6C7238D5C9900F5CB64 /* Sources */ = {
			isa = PBXSourcesBuildPhase;
			buildActionMask = 2147483647;
			files = (
				C4F3C6D7238D5CAB00F5CB64 /* iOSExampleUITests.swift in Sources */,
				C4F3C6D8238D5CAB00F5CB64 /* SnapshotHelper.swift in Sources */,
			);
			runOnlyForDeploymentPostprocessing = 0;
		};
/* End PBXSourcesBuildPhase section */

/* Begin PBXTargetDependency section */
		C4F3C6D1238D5C9900F5CB64 /* PBXTargetDependency */ = {
			isa = PBXTargetDependency;
			target = C4D8F3E9238D4B3200950C14 /* iOS Example */;
			targetProxy = C4F3C6D0238D5C9900F5CB64 /* PBXContainerItemProxy */;
		};
/* End PBXTargetDependency section */

/* Begin PBXVariantGroup section */
		C4D8F3F3238D4B3200950C14 /* Main.storyboard */ = {
			isa = PBXVariantGroup;
			children = (
				C4D8F3F4238D4B3200950C14 /* Base */,
			);
			name = Main.storyboard;
			sourceTree = "<group>";
		};
		C4D8F3F8238D4B3500950C14 /* LaunchScreen.storyboard */ = {
			isa = PBXVariantGroup;
			children = (
				C4D8F3F9238D4B3500950C14 /* Base */,
			);
			name = LaunchScreen.storyboard;
			sourceTree = "<group>";
		};
/* End PBXVariantGroup section */

/* Begin XCBuildConfiguration section */
		C4D8F3FC238D4B3500950C14 /* Debug */ = {
			isa = XCBuildConfiguration;
			buildSettings = {
				ALWAYS_SEARCH_USER_PATHS = NO;
				CLANG_ANALYZER_NONNULL = YES;
				CLANG_ANALYZER_NUMBER_OBJECT_CONVERSION = YES_AGGRESSIVE;
				CLANG_CXX_LANGUAGE_STANDARD = "gnu++14";
				CLANG_CXX_LIBRARY = "libc++";
				CLANG_ENABLE_MODULES = YES;
				CLANG_ENABLE_OBJC_ARC = YES;
				CLANG_ENABLE_OBJC_WEAK = YES;
				CLANG_WARN_BLOCK_CAPTURE_AUTORELEASING = YES;
				CLANG_WARN_BOOL_CONVERSION = YES;
				CLANG_WARN_COMMA = YES;
				CLANG_WARN_CONSTANT_CONVERSION = YES;
				CLANG_WARN_DEPRECATED_OBJC_IMPLEMENTATIONS = YES;
				CLANG_WARN_DIRECT_OBJC_ISA_USAGE = YES_ERROR;
				CLANG_WARN_DOCUMENTATION_COMMENTS = YES;
				CLANG_WARN_EMPTY_BODY = YES;
				CLANG_WARN_ENUM_CONVERSION = YES;
				CLANG_WARN_INFINITE_RECURSION = YES;
				CLANG_WARN_INT_CONVERSION = YES;
				CLANG_WARN_NON_LITERAL_NULL_CONVERSION = YES;
				CLANG_WARN_OBJC_IMPLICIT_RETAIN_SELF = YES;
				CLANG_WARN_OBJC_LITERAL_CONVERSION = YES;
				CLANG_WARN_OBJC_ROOT_CLASS = YES_ERROR;
				CLANG_WARN_RANGE_LOOP_ANALYSIS = YES;
				CLANG_WARN_STRICT_PROTOTYPES = YES;
				CLANG_WARN_SUSPICIOUS_MOVE = YES;
				CLANG_WARN_UNGUARDED_AVAILABILITY = YES_AGGRESSIVE;
				CLANG_WARN_UNREACHABLE_CODE = YES;
				CLANG_WARN__DUPLICATE_METHOD_MATCH = YES;
				COPY_PHASE_STRIP = NO;
				DEBUG_INFORMATION_FORMAT = dwarf;
				ENABLE_STRICT_OBJC_MSGSEND = YES;
				ENABLE_TESTABILITY = YES;
				GCC_C_LANGUAGE_STANDARD = gnu11;
				GCC_DYNAMIC_NO_PIC = NO;
				GCC_NO_COMMON_BLOCKS = YES;
				GCC_OPTIMIZATION_LEVEL = 0;
				GCC_PREPROCESSOR_DEFINITIONS = (
					"DEBUG=1",
					"$(inherited)",
				);
				GCC_WARN_64_TO_32_BIT_CONVERSION = YES;
				GCC_WARN_ABOUT_RETURN_TYPE = YES_ERROR;
				GCC_WARN_UNDECLARED_SELECTOR = YES;
				GCC_WARN_UNINITIALIZED_AUTOS = YES_AGGRESSIVE;
				GCC_WARN_UNUSED_FUNCTION = YES;
				GCC_WARN_UNUSED_VARIABLE = YES;
				IPHONEOS_DEPLOYMENT_TARGET = 13.2;
				MTL_ENABLE_DEBUG_INFO = INCLUDE_SOURCE;
				MTL_FAST_MATH = YES;
				ONLY_ACTIVE_ARCH = YES;
				SDKROOT = iphoneos;
				SWIFT_ACTIVE_COMPILATION_CONDITIONS = DEBUG;
				SWIFT_OPTIMIZATION_LEVEL = "-Onone";
			};
			name = Debug;
		};
		C4D8F3FD238D4B3500950C14 /* Release */ = {
			isa = XCBuildConfiguration;
			buildSettings = {
				ALWAYS_SEARCH_USER_PATHS = NO;
				CLANG_ANALYZER_NONNULL = YES;
				CLANG_ANALYZER_NUMBER_OBJECT_CONVERSION = YES_AGGRESSIVE;
				CLANG_CXX_LANGUAGE_STANDARD = "gnu++14";
				CLANG_CXX_LIBRARY = "libc++";
				CLANG_ENABLE_MODULES = YES;
				CLANG_ENABLE_OBJC_ARC = YES;
				CLANG_ENABLE_OBJC_WEAK = YES;
				CLANG_WARN_BLOCK_CAPTURE_AUTORELEASING = YES;
				CLANG_WARN_BOOL_CONVERSION = YES;
				CLANG_WARN_COMMA = YES;
				CLANG_WARN_CONSTANT_CONVERSION = YES;
				CLANG_WARN_DEPRECATED_OBJC_IMPLEMENTATIONS = YES;
				CLANG_WARN_DIRECT_OBJC_ISA_USAGE = YES_ERROR;
				CLANG_WARN_DOCUMENTATION_COMMENTS = YES;
				CLANG_WARN_EMPTY_BODY = YES;
				CLANG_WARN_ENUM_CONVERSION = YES;
				CLANG_WARN_INFINITE_RECURSION = YES;
				CLANG_WARN_INT_CONVERSION = YES;
				CLANG_WARN_NON_LITERAL_NULL_CONVERSION = YES;
				CLANG_WARN_OBJC_IMPLICIT_RETAIN_SELF = YES;
				CLANG_WARN_OBJC_LITERAL_CONVERSION = YES;
				CLANG_WARN_OBJC_ROOT_CLASS = YES_ERROR;
				CLANG_WARN_RANGE_LOOP_ANALYSIS = YES;
				CLANG_WARN_STRICT_PROTOTYPES = YES;
				CLANG_WARN_SUSPICIOUS_MOVE = YES;
				CLANG_WARN_UNGUARDED_AVAILABILITY = YES_AGGRESSIVE;
				CLANG_WARN_UNREACHABLE_CODE = YES;
				CLANG_WARN__DUPLICATE_METHOD_MATCH = YES;
				COPY_PHASE_STRIP = NO;
				DEBUG_INFORMATION_FORMAT = "dwarf-with-dsym";
				ENABLE_NS_ASSERTIONS = NO;
				ENABLE_STRICT_OBJC_MSGSEND = YES;
				GCC_C_LANGUAGE_STANDARD = gnu11;
				GCC_NO_COMMON_BLOCKS = YES;
				GCC_WARN_64_TO_32_BIT_CONVERSION = YES;
				GCC_WARN_ABOUT_RETURN_TYPE = YES_ERROR;
				GCC_WARN_UNDECLARED_SELECTOR = YES;
				GCC_WARN_UNINITIALIZED_AUTOS = YES_AGGRESSIVE;
				GCC_WARN_UNUSED_FUNCTION = YES;
				GCC_WARN_UNUSED_VARIABLE = YES;
				IPHONEOS_DEPLOYMENT_TARGET = 13.2;
				MTL_ENABLE_DEBUG_INFO = NO;
				MTL_FAST_MATH = YES;
				SDKROOT = iphoneos;
				SWIFT_COMPILATION_MODE = wholemodule;
				SWIFT_OPTIMIZATION_LEVEL = "-O";
				VALIDATE_PRODUCT = YES;
			};
			name = Release;
		};
		C4D8F3FF238D4B3500950C14 /* Debug */ = {
			isa = XCBuildConfiguration;
			buildSettings = {
				ASSETCATALOG_COMPILER_APPICON_NAME = AppIcon;
				CODE_SIGN_STYLE = Automatic;
				INFOPLIST_FILE = Sources/Info.plist;
				IPHONEOS_DEPLOYMENT_TARGET = 13.2;
				LD_RUNPATH_SEARCH_PATHS = (
					"$(inherited)",
					"@executable_path/Frameworks",
				);
				PRODUCT_BUNDLE_IDENTIFIER = "net.phor.iOS-Example";
				PRODUCT_NAME = "$(TARGET_NAME)";
				SWIFT_VERSION = 5.0;
				TARGETED_DEVICE_FAMILY = "1,2";
			};
			name = Debug;
		};
		C4D8F400238D4B3500950C14 /* Release */ = {
			isa = XCBuildConfiguration;
			buildSettings = {
				ASSETCATALOG_COMPILER_APPICON_NAME = AppIcon;
				CODE_SIGN_STYLE = Automatic;
				INFOPLIST_FILE = Sources/Info.plist;
				IPHONEOS_DEPLOYMENT_TARGET = 13.2;
				LD_RUNPATH_SEARCH_PATHS = (
					"$(inherited)",
					"@executable_path/Frameworks",
				);
				PRODUCT_BUNDLE_IDENTIFIER = "net.phor.iOS-Example";
				PRODUCT_NAME = "$(TARGET_NAME)";
				SWIFT_VERSION = 5.0;
				TARGETED_DEVICE_FAMILY = "1,2";
			};
			name = Release;
		};
		C4F3C6D2238D5C9900F5CB64 /* Debug */ = {
			isa = XCBuildConfiguration;
			buildSettings = {
				CODE_SIGN_STYLE = Automatic;
				INFOPLIST_FILE = UITests/Info.plist;
				LD_RUNPATH_SEARCH_PATHS = (
					"$(inherited)",
					"@executable_path/Frameworks",
					"@loader_path/Frameworks",
				);
				PRODUCT_BUNDLE_IDENTIFIER = "net.phor.iOS-Example-UITests";
				PRODUCT_NAME = "$(TARGET_NAME)";
				SWIFT_VERSION = 5.0;
				TARGETED_DEVICE_FAMILY = "1,2";
				TEST_TARGET_NAME = "iOS Example";
			};
			name = Debug;
		};
		C4F3C6D3238D5C9900F5CB64 /* Release */ = {
			isa = XCBuildConfiguration;
			buildSettings = {
				CODE_SIGN_STYLE = Automatic;
				INFOPLIST_FILE = UITests/Info.plist;
				LD_RUNPATH_SEARCH_PATHS = (
					"$(inherited)",
					"@executable_path/Frameworks",
					"@loader_path/Frameworks",
				);
				PRODUCT_BUNDLE_IDENTIFIER = "net.phor.iOS-Example-UITests";
				PRODUCT_NAME = "$(TARGET_NAME)";
				SWIFT_VERSION = 5.0;
				TARGETED_DEVICE_FAMILY = "1,2";
				TEST_TARGET_NAME = "iOS Example";
			};
			name = Release;
		};
/* End XCBuildConfiguration section */

/* Begin XCConfigurationList section */
		C4D8F3E5238D4B3200950C14 /* Build configuration list for PBXProject "iOS Example" */ = {
			isa = XCConfigurationList;
			buildConfigurations = (
				C4D8F3FC238D4B3500950C14 /* Debug */,
				C4D8F3FD238D4B3500950C14 /* Release */,
			);
			defaultConfigurationIsVisible = 0;
			defaultConfigurationName = Release;
		};
		C4D8F3FE238D4B3500950C14 /* Build configuration list for PBXNativeTarget "iOS Example" */ = {
			isa = XCConfigurationList;
			buildConfigurations = (
				C4D8F3FF238D4B3500950C14 /* Debug */,
				C4D8F400238D4B3500950C14 /* Release */,
			);
			defaultConfigurationIsVisible = 0;
			defaultConfigurationName = Release;
		};
		C4F3C6D4238D5C9900F5CB64 /* Build configuration list for PBXNativeTarget "iOS Example UITests" */ = {
			isa = XCConfigurationList;
			buildConfigurations = (
				C4F3C6D2238D5C9900F5CB64 /* Debug */,
				C4F3C6D3238D5C9900F5CB64 /* Release */,
			);
			defaultConfigurationIsVisible = 0;
			defaultConfigurationName = Release;
		};
/* End XCConfigurationList section */

/* Begin XCSwiftPackageProductDependency section */
		C4D94AAF238D4C0A0047DA4B /* EightBalliOS */ = {
			isa = XCSwiftPackageProductDependency;
			productName = EightBalliOS;
		};
/* End XCSwiftPackageProductDependency section */
	};
	rootObject = C4D8F3E2238D4B3200950C14 /* Project object */;
}
